
Microsoft Visual Studio Solution File, Format Version 12.00
# Visual Studio Version 16
VisualStudioVersion = 16.0.30907.101
MinimumVisualStudioVersion = 10.0.40219.1
Project("{FAE04EC0-301F-11D3-BF4B-00C04F79EFBC}") = "ShopifyTrack", "ShopifyTrack.csproj", "{96DE9449-1470-4D08-8CEE-8EAE95E162ED}"
EndProject
Global
	GlobalSection(SolutionConfigurationPlatforms) = preSolution
		Debug|Any CPU = Debug|Any CPU
		Release|Any CPU = Release|Any CPU
	EndGlobalSection
	GlobalSection(ProjectConfigurationPlatforms) = postSolution
		{96DE9449-1470-4D08-8CEE-8EAE95E162ED}.Debug|Any CPU.ActiveCfg = Debug|Any CPU
		{96DE9449-1470-4D08-8CEE-8EAE95E162ED}.Debug|Any CPU.Build.0 = Debug|Any CPU
		{96DE9449-1470-4D08-8CEE-8EAE95E162ED}.Release|Any CPU.ActiveCfg = Release|Any CPU
		{96DE9449-1470-4D08-8CEE-8EAE95E162ED}.Release|Any CPU.Build.0 = Release|Any CPU
	EndGlobalSection
	GlobalSection(SolutionProperties) = preSolution
		HideSolutionNode = FALSE
	EndGlobalSection
	GlobalSection(ExtensibilityGlobals) = postSolution
		SolutionGuid = {B547A289-CA39-4F26-9754-A9E85689F068}
	EndGlobalSection
EndGlobal
